
Microsoft Visual Studio Solution File, Format Version 12.00
# Visual Studio Version 17
VisualStudioVersion = 17.9.34310.174
MinimumVisualStudioVersion = 10.0.40219.1
Project("{FAE04EC0-301F-11D3-BF4B-00C04F79EFBC}") = "Supplier Management System", "Supplier Management System\Supplier Management System.csproj", "{5D6893AD-5E58-4789-8970-C86E502BC4C5}"
EndProject
Global
	GlobalSection(SolutionConfigurationPlatforms) = preSolution
		Debug|Any CPU = Debug|Any CPU
		Release|Any CPU = Release|Any CPU
	EndGlobalSection
	GlobalSection(ProjectConfigurationPlatforms) = postSolution
		{5D6893AD-5E58-4789-8970-C86E502BC4C5}.Debug|Any CPU.ActiveCfg = Debug|Any CPU
		{5D6893AD-5E58-4789-8970-C86E502BC4C5}.Debug|Any CPU.Build.0 = Debug|Any CPU
		{5D6893AD-5E58-4789-8970-C86E502BC4C5}.Release|Any CPU.ActiveCfg = Release|Any CPU
		{5D6893AD-5E58-4789-8970-C86E502BC4C5}.Release|Any CPU.Build.0 = Release|Any CPU
	EndGlobalSection
	GlobalSection(SolutionProperties) = preSolution
		HideSolutionNode = FALSE
	EndGlobalSection
	GlobalSection(ExtensibilityGlobals) = postSolution
		SolutionGuid = {A0E66AD9-50FD-462C-9F63-884B744EEC99}
	EndGlobalSection
EndGlobal
